
Microsoft Visual Studio Solution File, Format Version 12.00
# Visual Studio Version 17
VisualStudioVersion = 17.10.34928.147
MinimumVisualStudioVersion = 10.0.40219.1
Project("{9A19103F-16F7-4668-BE54-9A1E7A4F7556}") = "GestionFlotas", "GestionFlotas\GestionFlotas.csproj", "{5E390635-8553-42FD-9E2D-0FCD5DBD9882}"
EndProject
Project("{9A19103F-16F7-4668-BE54-9A1E7A4F7556}") = "GestionFlotas.dataaccess", "GestionFlotas.dataaccess\GestionFlotas.dataaccess.csproj", "{A6A20290-7954-4A66-8586-86894A9D6E39}"
EndProject
Project("{9A19103F-16F7-4668-BE54-9A1E7A4F7556}") = "GestionFlotas.model", "GestionFlotas.model\GestionFlotas.model.csproj", "{F6BD991F-EC48-4BEC-AB25-7F4740B7436E}"
EndProject
Project("{9A19103F-16F7-4668-BE54-9A1E7A4F7556}") = "GestionFlotas.business", "GestionFlotas.business\GestionFlotas.business.csproj", "{213FA2A9-04BE-459A-A809-A0C98B3E7014}"
EndProject
Global
	GlobalSection(SolutionConfigurationPlatforms) = preSolution
		Debug|Any CPU = Debug|Any CPU
		Release|Any CPU = Release|Any CPU
	EndGlobalSection
	GlobalSection(ProjectConfigurationPlatforms) = postSolution
		{5E390635-8553-42FD-9E2D-0FCD5DBD9882}.Debug|Any CPU.ActiveCfg = Debug|Any CPU
		{5E390635-8553-42FD-9E2D-0FCD5DBD9882}.Debug|Any CPU.Build.0 = Debug|Any CPU
		{5E390635-8553-42FD-9E2D-0FCD5DBD9882}.Release|Any CPU.ActiveCfg = Release|Any CPU
		{5E390635-8553-42FD-9E2D-0FCD5DBD9882}.Release|Any CPU.Build.0 = Release|Any CPU
		{A6A20290-7954-4A66-8586-86894A9D6E39}.Debug|Any CPU.ActiveCfg = Debug|Any CPU
		{A6A20290-7954-4A66-8586-86894A9D6E39}.Debug|Any CPU.Build.0 = Debug|Any CPU
		{A6A20290-7954-4A66-8586-86894A9D6E39}.Release|Any CPU.ActiveCfg = Release|Any CPU
		{A6A20290-7954-4A66-8586-86894A9D6E39}.Release|Any CPU.Build.0 = Release|Any CPU
		{F6BD991F-EC48-4BEC-AB25-7F4740B7436E}.Debug|Any CPU.ActiveCfg = Debug|Any CPU
		{F6BD991F-EC48-4BEC-AB25-7F4740B7436E}.Debug|Any CPU.Build.0 = Debug|Any CPU
		{F6BD991F-EC48-4BEC-AB25-7F4740B7436E}.Release|Any CPU.ActiveCfg = Release|Any CPU
		{F6BD991F-EC48-4BEC-AB25-7F4740B7436E}.Release|Any CPU.Build.0 = Release|Any CPU
		{213FA2A9-04BE-459A-A809-A0C98B3E7014}.Debug|Any CPU.ActiveCfg = Debug|Any CPU
		{213FA2A9-04BE-459A-A809-A0C98B3E7014}.Debug|Any CPU.Build.0 = Debug|Any CPU
		{213FA2A9-04BE-459A-A809-A0C98B3E7014}.Release|Any CPU.ActiveCfg = Release|Any CPU
		{213FA2A9-04BE-459A-A809-A0C98B3E7014}.Release|Any CPU.Build.0 = Release|Any CPU
	EndGlobalSection
	GlobalSection(SolutionProperties) = preSolution
		HideSolutionNode = FALSE
	EndGlobalSection
	GlobalSection(ExtensibilityGlobals) = postSolution
		SolutionGuid = {CAAA5B61-CA63-48AF-A005-C18022F7A516}
	EndGlobalSection
EndGlobal
